
Microsoft Visual Studio Solution File, Format Version 12.00
# Visual Studio Version 16
VisualStudioVersion = 16.0.30907.101
MinimumVisualStudioVersion = 10.0.40219.1
Project("{FAE04EC0-301F-11D3-BF4B-00C04F79EFBC}") = "infinitas_statfetcher", "infinitas_statfetcher\infinitas_statfetcher.csproj", "{27FC7DB7-A40E-45FD-8B6B-75EAC7707CA8}"
EndProject
Global
	GlobalSection(SolutionConfigurationPlatforms) = preSolution
		Debug|Any CPU = Debug|Any CPU
		Release|Any CPU = Release|Any CPU
	EndGlobalSection
	GlobalSection(ProjectConfigurationPlatforms) = postSolution
		{27FC7DB7-A40E-45FD-8B6B-75EAC7707CA8}.Debug|Any CPU.ActiveCfg = Debug|Any CPU
		{27FC7DB7-A40E-45FD-8B6B-75EAC7707CA8}.Debug|Any CPU.Build.0 = Debug|Any CPU
		{27FC7DB7-A40E-45FD-8B6B-75EAC7707CA8}.Release|Any CPU.ActiveCfg = Release|Any CPU
		{27FC7DB7-A40E-45FD-8B6B-75EAC7707CA8}.Release|Any CPU.Build.0 = Release|Any CPU
	EndGlobalSection
	GlobalSection(SolutionProperties) = preSolution
		HideSolutionNode = FALSE
	EndGlobalSection
	GlobalSection(ExtensibilityGlobals) = postSolution
		SolutionGuid = {F25833D0-431A-4D02-BFCA-683A795AE076}
	EndGlobalSection
EndGlobal
